
Microsoft Visual Studio Solution File, Format Version 12.00
# Visual Studio 15
VisualStudioVersion = 15.0.26124.0
MinimumVisualStudioVersion = 15.0.26124.0
Project("{FAE04EC0-301F-11D3-BF4B-00C04F79EFBC}") = "NetREST.API", "NetREST.API\NetREST.API.csproj", "{F9897A4A-ED68-404B-A581-B489231AB5AA}"
EndProject
Project("{FAE04EC0-301F-11D3-BF4B-00C04F79EFBC}") = "NetREST.Common", "NetREST.Common\NetREST.Common.csproj", "{D6612F55-6C4C-4298-B6AA-DB6F9C82C033}"
EndProject
Project("{FAE04EC0-301F-11D3-BF4B-00C04F79EFBC}") = "NetREST.BLL", "NetREST.BLL\NetREST.BLL.csproj", "{8FE08F30-1E5E-44FE-B931-DE4FE0C0ED31}"
EndProject
Project("{FAE04EC0-301F-11D3-BF4B-00C04F79EFBC}") = "NetREST.DAL", "NetREST.DAL\NetREST.DAL.csproj", "{D6902EB7-F1A0-4E3C-971D-00A9D54C0653}"
EndProject
Project("{FAE04EC0-301F-11D3-BF4B-00C04F79EFBC}") = "NetREST.Domain", "NetREST.Domain\NetREST.Domain.csproj", "{F212DA94-CEF0-42CE-8569-A36827423670}"
EndProject
Project("{FAE04EC0-301F-11D3-BF4B-00C04F79EFBC}") = "NetREST.DTO", "NetREST.DTO\NetREST.DTO.csproj", "{EFC62481-F9E6-4C6E-BD83-1C02E91B0901}"
EndProject
Global
	GlobalSection(SolutionConfigurationPlatforms) = preSolution
		Debug|Any CPU = Debug|Any CPU
		Debug|x64 = Debug|x64
		Debug|x86 = Debug|x86
		Release|Any CPU = Release|Any CPU
		Release|x64 = Release|x64
		Release|x86 = Release|x86
	EndGlobalSection
	GlobalSection(SolutionProperties) = preSolution
		HideSolutionNode = FALSE
	EndGlobalSection
	GlobalSection(ProjectConfigurationPlatforms) = postSolution
		{F9897A4A-ED68-404B-A581-B489231AB5AA}.Debug|Any CPU.ActiveCfg = Debug|Any CPU
		{F9897A4A-ED68-404B-A581-B489231AB5AA}.Debug|Any CPU.Build.0 = Debug|Any CPU
		{F9897A4A-ED68-404B-A581-B489231AB5AA}.Debug|x64.ActiveCfg = Debug|Any CPU
		{F9897A4A-ED68-404B-A581-B489231AB5AA}.Debug|x64.Build.0 = Debug|Any CPU
		{F9897A4A-ED68-404B-A581-B489231AB5AA}.Debug|x86.ActiveCfg = Debug|Any CPU
		{F9897A4A-ED68-404B-A581-B489231AB5AA}.Debug|x86.Build.0 = Debug|Any CPU
		{F9897A4A-ED68-404B-A581-B489231AB5AA}.Release|Any CPU.ActiveCfg = Release|Any CPU
		{F9897A4A-ED68-404B-A581-B489231AB5AA}.Release|Any CPU.Build.0 = Release|Any CPU
		{F9897A4A-ED68-404B-A581-B489231AB5AA}.Release|x64.ActiveCfg = Release|Any CPU
		{F9897A4A-ED68-404B-A581-B489231AB5AA}.Release|x64.Build.0 = Release|Any CPU
		{F9897A4A-ED68-404B-A581-B489231AB5AA}.Release|x86.ActiveCfg = Release|Any CPU
		{F9897A4A-ED68-404B-A581-B489231AB5AA}.Release|x86.Build.0 = Release|Any CPU
		{D6612F55-6C4C-4298-B6AA-DB6F9C82C033}.Debug|Any CPU.ActiveCfg = Debug|Any CPU
		{D6612F55-6C4C-4298-B6AA-DB6F9C82C033}.Debug|Any CPU.Build.0 = Debug|Any CPU
		{D6612F55-6C4C-4298-B6AA-DB6F9C82C033}.Debug|x64.ActiveCfg = Debug|Any CPU
		{D6612F55-6C4C-4298-B6AA-DB6F9C82C033}.Debug|x64.Build.0 = Debug|Any CPU
		{D6612F55-6C4C-4298-B6AA-DB6F9C82C033}.Debug|x86.ActiveCfg = Debug|Any CPU
		{D6612F55-6C4C-4298-B6AA-DB6F9C82C033}.Debug|x86.Build.0 = Debug|Any CPU
		{D6612F55-6C4C-4298-B6AA-DB6F9C82C033}.Release|Any CPU.ActiveCfg = Release|Any CPU
		{D6612F55-6C4C-4298-B6AA-DB6F9C82C033}.Release|Any CPU.Build.0 = Release|Any CPU
		{D6612F55-6C4C-4298-B6AA-DB6F9C82C033}.Release|x64.ActiveCfg = Release|Any CPU
		{D6612F55-6C4C-4298-B6AA-DB6F9C82C033}.Release|x64.Build.0 = Release|Any CPU
		{D6612F55-6C4C-4298-B6AA-DB6F9C82C033}.Release|x86.ActiveCfg = Release|Any CPU
		{D6612F55-6C4C-4298-B6AA-DB6F9C82C033}.Release|x86.Build.0 = Release|Any CPU
		{8FE08F30-1E5E-44FE-B931-DE4FE0C0ED31}.Debug|Any CPU.ActiveCfg = Debug|Any CPU
		{8FE08F30-1E5E-44FE-B931-DE4FE0C0ED31}.Debug|Any CPU.Build.0 = Debug|Any CPU
		{8FE08F30-1E5E-44FE-B931-DE4FE0C0ED31}.Debug|x64.ActiveCfg = Debug|Any CPU
		{8FE08F30-1E5E-44FE-B931-DE4FE0C0ED31}.Debug|x64.Build.0 = Debug|Any CPU
		{8FE08F30-1E5E-44FE-B931-DE4FE0C0ED31}.Debug|x86.ActiveCfg = Debug|Any CPU
		{8FE08F30-1E5E-44FE-B931-DE4FE0C0ED31}.Debug|x86.Build.0 = Debug|Any CPU
		{8FE08F30-1E5E-44FE-B931-DE4FE0C0ED31}.Release|Any CPU.ActiveCfg = Release|Any CPU
		{8FE08F30-1E5E-44FE-B931-DE4FE0C0ED31}.Release|Any CPU.Build.0 = Release|Any CPU
		{8FE08F30-1E5E-44FE-B931-DE4FE0C0ED31}.Release|x64.ActiveCfg = Release|Any CPU
		{8FE08F30-1E5E-44FE-B931-DE4FE0C0ED31}.Release|x64.Build.0 = Release|Any CPU
		{8FE08F30-1E5E-44FE-B931-DE4FE0C0ED31}.Release|x86.ActiveCfg = Release|Any CPU
		{8FE08F30-1E5E-44FE-B931-DE4FE0C0ED31}.Release|x86.Build.0 = Release|Any CPU
		{D6902EB7-F1A0-4E3C-971D-00A9D54C0653}.Debug|Any CPU.ActiveCfg = Debug|Any CPU
		{D6902EB7-F1A0-4E3C-971D-00A9D54C0653}.Debug|Any CPU.Build.0 = Debug|Any CPU
		{D6902EB7-F1A0-4E3C-971D-00A9D54C0653}.Debug|x64.ActiveCfg = Debug|Any CPU
		{D6902EB7-F1A0-4E3C-971D-00A9D54C0653}.Debug|x64.Build.0 = Debug|Any CPU
		{D6902EB7-F1A0-4E3C-971D-00A9D54C0653}.Debug|x86.ActiveCfg = Debug|Any CPU
		{D6902EB7-F1A0-4E3C-971D-00A9D54C0653}.Debug|x86.Build.0 = Debug|Any CPU
		{D6902EB7-F1A0-4E3C-971D-00A9D54C0653}.Release|Any CPU.ActiveCfg = Release|Any CPU
		{D6902EB7-F1A0-4E3C-971D-00A9D54C0653}.Release|Any CPU.Build.0 = Release|Any CPU
		{D6902EB7-F1A0-4E3C-971D-00A9D54C0653}.Release|x64.ActiveCfg = Release|Any CPU
		{D6902EB7-F1A0-4E3C-971D-00A9D54C0653}.Release|x64.Build.0 = Release|Any CPU
		{D6902EB7-F1A0-4E3C-971D-00A9D54C0653}.Release|x86.ActiveCfg = Release|Any CPU
		{D6902EB7-F1A0-4E3C-971D-00A9D54C0653}.Release|x86.Build.0 = Release|Any CPU
		{F212DA94-CEF0-42CE-8569-A36827423670}.Debug|Any CPU.ActiveCfg = Debug|Any CPU
		{F212DA94-CEF0-42CE-8569-A36827423670}.Debug|Any CPU.Build.0 = Debug|Any CPU
		{F212DA94-CEF0-42CE-8569-A36827423670}.Debug|x64.ActiveCfg = Debug|Any CPU
		{F212DA94-CEF0-42CE-8569-A36827423670}.Debug|x64.Build.0 = Debug|Any CPU
		{F212DA94-CEF0-42CE-8569-A36827423670}.Debug|x86.ActiveCfg = Debug|Any CPU
		{F212DA94-CEF0-42CE-8569-A36827423670}.Debug|x86.Build.0 = Debug|Any CPU
		{F212DA94-CEF0-42CE-8569-A36827423670}.Release|Any CPU.ActiveCfg = Release|Any CPU
		{F212DA94-CEF0-42CE-8569-A36827423670}.Release|Any CPU.Build.0 = Release|Any CPU
		{F212DA94-CEF0-42CE-8569-A36827423670}.Release|x64.ActiveCfg = Release|Any CPU
		{F212DA94-CEF0-42CE-8569-A36827423670}.Release|x64.Build.0 = Release|Any CPU
		{F212DA94-CEF0-42CE-8569-A36827423670}.Release|x86.ActiveCfg = Release|Any CPU
		{F212DA94-CEF0-42CE-8569-A36827423670}.Release|x86.Build.0 = Release|Any CPU
		{EFC62481-F9E6-4C6E-BD83-1C02E91B0901}.Debug|Any CPU.ActiveCfg = Debug|Any CPU
		{EFC62481-F9E6-4C6E-BD83-1C02E91B0901}.Debug|Any CPU.Build.0 = Debug|Any CPU
		{EFC62481-F9E6-4C6E-BD83-1C02E91B0901}.Debug|x64.ActiveCfg = Debug|Any CPU
		{EFC62481-F9E6-4C6E-BD83-1C02E91B0901}.Debug|x64.Build.0 = Debug|Any CPU
		{EFC62481-F9E6-4C6E-BD83-1C02E91B0901}.Debug|x86.ActiveCfg = Debug|Any CPU
		{EFC62481-F9E6-4C6E-BD83-1C02E91B0901}.Debug|x86.Build.0 = Debug|Any CPU
		{EFC62481-F9E6-4C6E-BD83-1C02E91B0901}.Release|Any CPU.ActiveCfg = Release|Any CPU
		{EFC62481-F9E6-4C6E-BD83-1C02E91B0901}.Release|Any CPU.Build.0 = Release|Any CPU
		{EFC62481-F9E6-4C6E-BD83-1C02E91B0901}.Release|x64.ActiveCfg = Release|Any CPU
		{EFC62481-F9E6-4C6E-BD83-1C02E91B0901}.Release|x64.Build.0 = Release|Any CPU
		{EFC62481-F9E6-4C6E-BD83-1C02E91B0901}.Release|x86.ActiveCfg = Release|Any CPU
		{EFC62481-F9E6-4C6E-BD83-1C02E91B0901}.Release|x86.Build.0 = Release|Any CPU
	EndGlobalSection
EndGlobal
